
Microsoft Visual Studio Solution File, Format Version 12.00
# Visual Studio Version 17
VisualStudioVersion = 17.4.33213.308
MinimumVisualStudioVersion = 10.0.40219.1
Project("{FAE04EC0-301F-11D3-BF4B-00C04F79EFBC}") = "LoadoutDrop", "LoadoutDrop\LoadoutDrop.csproj", "{B8A3C873-12E9-4C72-B879-3C49C05641E3}"
EndProject
Project("{FAE04EC0-301F-11D3-BF4B-00C04F79EFBC}") = "LoadoutDrop.CustomControls", "LoadoutDrop.CustomControls\LoadoutDrop.CustomControls.csproj", "{14FC2327-7BE1-42C8-8B5E-D4F348A6C8C9}"
EndProject
Global
	GlobalSection(SolutionConfigurationPlatforms) = preSolution
		Debug|Any CPU = Debug|Any CPU
		Release|Any CPU = Release|Any CPU
	EndGlobalSection
	GlobalSection(ProjectConfigurationPlatforms) = postSolution
		{B8A3C873-12E9-4C72-B879-3C49C05641E3}.Debug|Any CPU.ActiveCfg = Debug|Any CPU
		{B8A3C873-12E9-4C72-B879-3C49C05641E3}.Debug|Any CPU.Build.0 = Debug|Any CPU
		{B8A3C873-12E9-4C72-B879-3C49C05641E3}.Release|Any CPU.ActiveCfg = Release|Any CPU
		{B8A3C873-12E9-4C72-B879-3C49C05641E3}.Release|Any CPU.Build.0 = Release|Any CPU
		{14FC2327-7BE1-42C8-8B5E-D4F348A6C8C9}.Debug|Any CPU.ActiveCfg = Debug|Any CPU
		{14FC2327-7BE1-42C8-8B5E-D4F348A6C8C9}.Debug|Any CPU.Build.0 = Debug|Any CPU
		{14FC2327-7BE1-42C8-8B5E-D4F348A6C8C9}.Release|Any CPU.ActiveCfg = Release|Any CPU
		{14FC2327-7BE1-42C8-8B5E-D4F348A6C8C9}.Release|Any CPU.Build.0 = Release|Any CPU
	EndGlobalSection
	GlobalSection(SolutionProperties) = preSolution
		HideSolutionNode = FALSE
	EndGlobalSection
	GlobalSection(ExtensibilityGlobals) = postSolution
		SolutionGuid = {BF8ABAB4-6A13-4983-9E50-80D97A466C82}
	EndGlobalSection
EndGlobal
