
Microsoft Visual Studio Solution File, Format Version 12.00
# Visual Studio Version 17
VisualStudioVersion = 17.4.33213.308
MinimumVisualStudioVersion = 10.0.40219.1
Project("{FAE04EC0-301F-11D3-BF4B-00C04F79EFBC}") = "loadout-drop", "loadout-drop\loadout-drop.csproj", "{E170CF13-F989-4324-8D60-147A6D46EC3E}"
EndProject
Project("{2150E333-8FDC-42A3-9474-1A3956D46DE8}") = "Solution Items", "Solution Items", "{857666EE-4702-4D24-96DF-20E9400B98CF}"
	ProjectSection(SolutionItems) = preProject
		README.md = README.md
	EndProjectSection
EndProject
Global
	GlobalSection(SolutionConfigurationPlatforms) = preSolution
		Debug|Any CPU = Debug|Any CPU
		Release|Any CPU = Release|Any CPU
	EndGlobalSection
	GlobalSection(ProjectConfigurationPlatforms) = postSolution
		{E170CF13-F989-4324-8D60-147A6D46EC3E}.Debug|Any CPU.ActiveCfg = Debug|Any CPU
		{E170CF13-F989-4324-8D60-147A6D46EC3E}.Debug|Any CPU.Build.0 = Debug|Any CPU
		{E170CF13-F989-4324-8D60-147A6D46EC3E}.Release|Any CPU.ActiveCfg = Release|Any CPU
		{E170CF13-F989-4324-8D60-147A6D46EC3E}.Release|Any CPU.Build.0 = Release|Any CPU
	EndGlobalSection
	GlobalSection(SolutionProperties) = preSolution
		HideSolutionNode = FALSE
	EndGlobalSection
	GlobalSection(ExtensibilityGlobals) = postSolution
		SolutionGuid = {1E854A5A-A8CF-4932-AAA8-BFA576AE9EAC}
	EndGlobalSection
EndGlobal
